
Microsoft Visual Studio Solution File, Format Version 12.00
# Visual Studio Version 16
VisualStudioVersion = 16.0.32413.511
MinimumVisualStudioVersion = 10.0.40219.1
Project("{2150E333-8FDC-42A3-9474-1A3956D46DE8}") = "Desafios", "Desafios", "{DC415D2C-1976-4E41-AA4D-C5E8865E4D38}"
EndProject
Project("{2150E333-8FDC-42A3-9474-1A3956D46DE8}") = "VB.Net", "VB.Net", "{D0405A5C-5C7C-4099-93F8-F04D80561784}"
EndProject
Project("{2150E333-8FDC-42A3-9474-1A3956D46DE8}") = "CSharp", "CSharp", "{8FF0D85A-71BA-4AC9-B738-7A7D13C039EE}"
EndProject
Project("{2150E333-8FDC-42A3-9474-1A3956D46DE8}") = "Projeto_Euler", "Projeto_Euler", "{FDD4A40A-6F14-418F-91CE-E2507E9EA79D}"
EndProject
Project("{2150E333-8FDC-42A3-9474-1A3956D46DE8}") = "Projeto_Euler", "Projeto_Euler", "{2B51B367-A578-4129-9842-B6AC667AFF7D}"
EndProject
Project("{2150E333-8FDC-42A3-9474-1A3956D46DE8}") = "Multiplos_3e5", "Multiplos_3e5", "{31F96A52-2199-4194-9BBE-8310A5DB6897}"
EndProject
Project("{2150E333-8FDC-42A3-9474-1A3956D46DE8}") = "Multiplos_3e5", "Multiplos_3e5", "{FCA22769-354C-47C5-8874-CD52318698CB}"
EndProject
Project("{9A19103F-16F7-4668-BE54-9A1E7A4F7556}") = "Multi_3_e_5_CSharp", "Desafios\CSharp\Projeto_Euler\Multiplos_3e5\Multi_3_e_5_CSharp.csproj", "{29734860-CD8A-4A81-9FB8-E3EBA35DF649}"
EndProject
Project("{F184B08F-C81C-45F6-A57F-5ABD9991F28F}") = "Multi_3_e_5_VB", "Desafios\VB.Net\Projeto_Euler\Multiplos_3e5\Multi_3_e_5_VB.vbproj", "{368B817E-F3DB-4597-BC59-CB4E9DC95E11}"
EndProject
Project("{2150E333-8FDC-42A3-9474-1A3956D46DE8}") = "Python", "Python", "{EB8F4332-B2AD-4DCC-8BEF-042D99F0FB7A}"
EndProject
Project("{2150E333-8FDC-42A3-9474-1A3956D46DE8}") = "Projeto_Euler", "Projeto_Euler", "{2754317E-D944-4396-B4E5-C0AF1A31CF18}"
EndProject
Project("{2150E333-8FDC-42A3-9474-1A3956D46DE8}") = "Multiplos_3e5", "Multiplos_3e5", "{58435D46-D8E0-494E-BDAE-88B0512731FC}"
EndProject
Project("{888888A0-9F3D-457C-B088-3A5042F75D52}") = "Multi_3_e_5_PY", "Desafios\Python\Projeto_Euler\Multiplos_3e5\Multi_3_e_5_PY.pyproj", "{02FA7F77-6F02-4ECF-B281-F4B167DCC758}"
EndProject
Project("{2150E333-8FDC-42A3-9474-1A3956D46DE8}") = "Preparo", "Preparo", "{1455E150-660A-4C64-BF64-CD0C304910CD}"
EndProject
Project("{2150E333-8FDC-42A3-9474-1A3956D46DE8}") = "Certificado", "Certificado", "{B7277C26-3AC9-441A-BA00-61EDAAA73E2C}"
EndProject
Project("{2150E333-8FDC-42A3-9474-1A3956D46DE8}") = "SQL", "SQL", "{CE17D5F6-0E26-4244-BD41-A81E025FBF62}"
EndProject
Project("{2150E333-8FDC-42A3-9474-1A3956D46DE8}") = "SQL", "SQL", "{A89C5748-11FD-4FFF-906F-C88A72662525}"
EndProject
Project("{2150E333-8FDC-42A3-9474-1A3956D46DE8}") = "CSharp", "CSharp", "{60CD53D9-6E29-450F-A3FF-F0A22AE1C125}"
EndProject
Project("{2150E333-8FDC-42A3-9474-1A3956D46DE8}") = "CSharp", "CSharp", "{B5A2B126-A082-4E3E-93D6-8AAB220DB859}"
EndProject
Global
	GlobalSection(SolutionConfigurationPlatforms) = preSolution
		Debug|Any CPU = Debug|Any CPU
		Release|Any CPU = Release|Any CPU
	EndGlobalSection
	GlobalSection(ProjectConfigurationPlatforms) = postSolution
		{29734860-CD8A-4A81-9FB8-E3EBA35DF649}.Debug|Any CPU.ActiveCfg = Debug|Any CPU
		{29734860-CD8A-4A81-9FB8-E3EBA35DF649}.Debug|Any CPU.Build.0 = Debug|Any CPU
		{29734860-CD8A-4A81-9FB8-E3EBA35DF649}.Release|Any CPU.ActiveCfg = Release|Any CPU
		{29734860-CD8A-4A81-9FB8-E3EBA35DF649}.Release|Any CPU.Build.0 = Release|Any CPU
		{368B817E-F3DB-4597-BC59-CB4E9DC95E11}.Debug|Any CPU.ActiveCfg = Debug|Any CPU
		{368B817E-F3DB-4597-BC59-CB4E9DC95E11}.Debug|Any CPU.Build.0 = Debug|Any CPU
		{368B817E-F3DB-4597-BC59-CB4E9DC95E11}.Release|Any CPU.ActiveCfg = Release|Any CPU
		{368B817E-F3DB-4597-BC59-CB4E9DC95E11}.Release|Any CPU.Build.0 = Release|Any CPU
		{02FA7F77-6F02-4ECF-B281-F4B167DCC758}.Debug|Any CPU.ActiveCfg = Debug|Any CPU
		{02FA7F77-6F02-4ECF-B281-F4B167DCC758}.Release|Any CPU.ActiveCfg = Release|Any CPU
	EndGlobalSection
	GlobalSection(SolutionProperties) = preSolution
		HideSolutionNode = FALSE
	EndGlobalSection
	GlobalSection(NestedProjects) = preSolution
		{D0405A5C-5C7C-4099-93F8-F04D80561784} = {DC415D2C-1976-4E41-AA4D-C5E8865E4D38}
		{8FF0D85A-71BA-4AC9-B738-7A7D13C039EE} = {DC415D2C-1976-4E41-AA4D-C5E8865E4D38}
		{FDD4A40A-6F14-418F-91CE-E2507E9EA79D} = {8FF0D85A-71BA-4AC9-B738-7A7D13C039EE}
		{2B51B367-A578-4129-9842-B6AC667AFF7D} = {D0405A5C-5C7C-4099-93F8-F04D80561784}
		{31F96A52-2199-4194-9BBE-8310A5DB6897} = {2B51B367-A578-4129-9842-B6AC667AFF7D}
		{FCA22769-354C-47C5-8874-CD52318698CB} = {FDD4A40A-6F14-418F-91CE-E2507E9EA79D}
		{29734860-CD8A-4A81-9FB8-E3EBA35DF649} = {FCA22769-354C-47C5-8874-CD52318698CB}
		{368B817E-F3DB-4597-BC59-CB4E9DC95E11} = {31F96A52-2199-4194-9BBE-8310A5DB6897}
		{EB8F4332-B2AD-4DCC-8BEF-042D99F0FB7A} = {DC415D2C-1976-4E41-AA4D-C5E8865E4D38}
		{2754317E-D944-4396-B4E5-C0AF1A31CF18} = {EB8F4332-B2AD-4DCC-8BEF-042D99F0FB7A}
		{58435D46-D8E0-494E-BDAE-88B0512731FC} = {2754317E-D944-4396-B4E5-C0AF1A31CF18}
		{02FA7F77-6F02-4ECF-B281-F4B167DCC758} = {58435D46-D8E0-494E-BDAE-88B0512731FC}
		{CE17D5F6-0E26-4244-BD41-A81E025FBF62} = {1455E150-660A-4C64-BF64-CD0C304910CD}
		{A89C5748-11FD-4FFF-906F-C88A72662525} = {B7277C26-3AC9-441A-BA00-61EDAAA73E2C}
		{60CD53D9-6E29-450F-A3FF-F0A22AE1C125} = {1455E150-660A-4C64-BF64-CD0C304910CD}
		{B5A2B126-A082-4E3E-93D6-8AAB220DB859} = {B7277C26-3AC9-441A-BA00-61EDAAA73E2C}
	EndGlobalSection
	GlobalSection(ExtensibilityGlobals) = postSolution
		SolutionGuid = {6E9C986C-7EEB-4A1D-9771-8102E9E0186B}
	EndGlobalSection
EndGlobal
